// !$*UTF8*$!
{
	archiveVersion = 1;
	classes = {
	};
	objectVersion = 46;
	objects = {

/* Begin PBXBuildFile section */
		FC870796175481BC002A3AC5 /* UIKit.framework in Frameworks */ = {isa = PBXBuildFile; fileRef = FC870795175481BC002A3AC5 /* UIKit.framework */; };
		FC870798175481BC002A3AC5 /* Foundation.framework in Frameworks */ = {isa = PBXBuildFile; fileRef = FC870797175481BC002A3AC5 /* Foundation.framework */; };
		FC87079A175481BC002A3AC5 /* CoreGraphics.framework in Frameworks */ = {isa = PBXBuildFile; fileRef = FC870799175481BC002A3AC5 /* CoreGraphics.framework */; };
		FC8707A0175481BC002A3AC5 /* InfoPlist.strings in Resources */ = {isa = PBXBuildFile; fileRef = FC87079E175481BC002A3AC5 /* InfoPlist.strings */; };
		FC8707A2175481BC002A3AC5 /* main.m in Sources */ = {isa = PBXBuildFile; fileRef = FC8707A1175481BC002A3AC5 /* main.m */; };
		FC8707A6175481BC002A3AC5 /* AppDelegate.m in Sources */ = {isa = PBXBuildFile; fileRef = FC8707A5175481BC002A3AC5 /* AppDelegate.m */; };
		FC8707A8175481BC002A3AC5 /* Default.png in Resources */ = {isa = PBXBuildFile; fileRef = FC8707A7175481BC002A3AC5 /* Default.png */; };
		FC8707AA175481BC002A3AC5 /* Default@2x.png in Resources */ = {isa = PBXBuildFile; fileRef = FC8707A9175481BC002A3AC5 /* Default@2x.png */; };
		FC8707AC175481BC002A3AC5 /* Default-568h@2x.png in Resources */ = {isa = PBXBuildFile; fileRef = FC8707AB175481BC002A3AC5 /* Default-568h@2x.png */; };
		FC8707B4175481BD002A3AC5 /* SenTestingKit.framework in Frameworks */ = {isa = PBXBuildFile; fileRef = FC8707B3175481BC002A3AC5 /* SenTestingKit.framework */; };
		FC8707B5175481BD002A3AC5 /* UIKit.framework in Frameworks */ = {isa = PBXBuildFile; fileRef = FC870795175481BC002A3AC5 /* UIKit.framework */; };
		FC8707B6175481BD002A3AC5 /* Foundation.framework in Frameworks */ = {isa = PBXBuildFile; fileRef = FC870797175481BC002A3AC5 /* Foundation.framework */; };
		FC8707BE175481BD002A3AC5 /* InfoPlist.strings in Resources */ = {isa = PBXBuildFile; fileRef = FC8707BC175481BD002A3AC5 /* InfoPlist.strings */; };
		FC8707C1175481BD002A3AC5 /* RinseTests.m in Sources */ = {isa = PBXBuildFile; fileRef = FC8707C0175481BD002A3AC5 /* RinseTests.m */; };
/* End PBXBuildFile section */

/* Begin PBXContainerItemProxy section */
		FC8707B7175481BD002A3AC5 /* PBXContainerItemProxy */ = {
			isa = PBXContainerItemProxy;
			containerPortal = FC87078A175481BC002A3AC5 /* Project object */;
			proxyType = 1;
			remoteGlobalIDString = FC870791175481BC002A3AC5;
			remoteInfo = Rinse;
		};
/* End PBXContainerItemProxy section */

/* Begin PBXFileReference section */
		FC870792175481BC002A3AC5 /* Rinse.app */ = {isa = PBXFileReference; explicitFileType = wrapper.application; includeInIndex = 0; path = Rinse.app; sourceTree = BUILT_PRODUCTS_DIR; };
		FC870795175481BC002A3AC5 /* UIKit.framework */ = {isa = PBXFileReference; lastKnownFileType = wrapper.framework; name = UIKit.framework; path = System/Library/Frameworks/UIKit.framework; sourceTree = SDKROOT; };
		FC870797175481BC002A3AC5 /* Foundation.framework */ = {isa = PBXFileReference; lastKnownFileType = wrapper.framework; name = Foundation.framework; path = System/Library/Frameworks/Foundation.framework; sourceTree = SDKROOT; };
		FC870799175481BC002A3AC5 /* CoreGraphics.framework */ = {isa = PBXFileReference; lastKnownFileType = wrapper.framework; name = CoreGraphics.framework; path = System/Library/Frameworks/CoreGraphics.framework; sourceTree = SDKROOT; };
		FC87079D175481BC002A3AC5 /* Rinse-Info.plist */ = {isa = PBXFileReference; lastKnownFileType = text.plist.xml; path = "Rinse-Info.plist"; sourceTree = "<group>"; };
		FC87079F175481BC002A3AC5 /* en */ = {isa = PBXFileReference; lastKnownFileType = text.plist.strings; name = en; path = en.lproj/InfoPlist.strings; sourceTree = "<group>"; };
		FC8707A1175481BC002A3AC5 /* main.m */ = {isa = PBXFileReference; lastKnownFileType = sourcecode.c.objc; path = main.m; sourceTree = "<group>"; };
		FC8707A3175481BC002A3AC5 /* Rinse-Prefix.pch */ = {isa = PBXFileReference; lastKnownFileType = sourcecode.c.h; path = "Rinse-Prefix.pch"; sourceTree = "<group>"; };
		FC8707A4175481BC002A3AC5 /* AppDelegate.h */ = {isa = PBXFileReference; lastKnownFileType = sourcecode.c.h; path = AppDelegate.h; sourceTree = "<group>"; };
		FC8707A5175481BC002A3AC5 /* AppDelegate.m */ = {isa = PBXFileReference; lastKnownFileType = sourcecode.c.objc; path = AppDelegate.m; sourceTree = "<group>"; };
		FC8707A7175481BC002A3AC5 /* Default.png */ = {isa = PBXFileReference; lastKnownFileType = image.png; path = Default.png; sourceTree = "<group>"; };
		FC8707A9175481BC002A3AC5 /* Default@2x.png */ = {isa = PBXFileReference; lastKnownFileType = image.png; path = "Default@2x.png"; sourceTree = "<group>"; };
		FC8707AB175481BC002A3AC5 /* Default-568h@2x.png */ = {isa = PBXFileReference; lastKnownFileType = image.png; path = "Default-568h@2x.png"; sourceTree = "<group>"; };
		FC8707B2175481BC002A3AC5 /* RinseTests.octest */ = {isa = PBXFileReference; explicitFileType = wrapper.cfbundle; includeInIndex = 0; path = RinseTests.octest; sourceTree = BUILT_PRODUCTS_DIR; };
		FC8707B3175481BC002A3AC5 /* SenTestingKit.framework */ = {isa = PBXFileReference; lastKnownFileType = wrapper.framework; name = SenTestingKit.framework; path = Library/Frameworks/SenTestingKit.framework; sourceTree = DEVELOPER_DIR; };
		FC8707BB175481BD002A3AC5 /* RinseTests-Info.plist */ = {isa = PBXFileReference; lastKnownFileType = text.plist.xml; path = "RinseTests-Info.plist"; sourceTree = "<group>"; };
		FC8707BD175481BD002A3AC5 /* en */ = {isa = PBXFileReference; lastKnownFileType = text.plist.strings; name = en; path = en.lproj/InfoPlist.strings; sourceTree = "<group>"; };
		FC8707BF175481BD002A3AC5 /* RinseTests.h */ = {isa = PBXFileReference; lastKnownFileType = sourcecode.c.h; path = RinseTests.h; sourceTree = "<group>"; };
		FC8707C0175481BD002A3AC5 /* RinseTests.m */ = {isa = PBXFileReference; lastKnownFileType = sourcecode.c.objc; path = RinseTests.m; sourceTree = "<group>"; };
/* End PBXFileReference section */

/* Begin PBXFrameworksBuildPhase section */
		FC87078F175481BC002A3AC5 /* Frameworks */ = {
			isa = PBXFrameworksBuildPhase;
			buildActionMask = 2147483647;
			files = (
				FC870796175481BC002A3AC5 /* UIKit.framework in Frameworks */,
				FC870798175481BC002A3AC5 /* Foundation.framework in Frameworks */,
				FC87079A175481BC002A3AC5 /* CoreGraphics.framework in Frameworks */,
			);
			runOnlyForDeploymentPostprocessing = 0;
		};
		FC8707AE175481BC002A3AC5 /* Frameworks */ = {
			isa = PBXFrameworksBuildPhase;
			buildActionMask = 2147483647;
			files = (
				FC8707B4175481BD002A3AC5 /* SenTestingKit.framework in Frameworks */,
				FC8707B5175481BD002A3AC5 /* UIKit.framework in Frameworks */,
				FC8707B6175481BD002A3AC5 /* Foundation.framework in Frameworks */,
			);
			runOnlyForDeploymentPostprocessing = 0;
		};
/* End PBXFrameworksBuildPhase section */

/* Begin PBXGroup section */
		FC870789175481BC002A3AC5 = {
			isa = PBXGroup;
			children = (
				FC87079B175481BC002A3AC5 /* Rinse */,
				FC8707B9175481BD002A3AC5 /* RinseTests */,
				FC870794175481BC002A3AC5 /* Frameworks */,
				FC870793175481BC002A3AC5 /* Products */,
			);
			sourceTree = "<group>";
		};
		FC870793175481BC002A3AC5 /* Products */ = {
			isa = PBXGroup;
			children = (
				FC870792175481BC002A3AC5 /* Rinse.app */,
				FC8707B2175481BC002A3AC5 /* RinseTests.octest */,
			);
			name = Products;
			sourceTree = "<group>";
		};
		FC870794175481BC002A3AC5 /* Frameworks */ = {
			isa = PBXGroup;
			children = (
				FC870795175481BC002A3AC5 /* UIKit.framework */,
				FC870797175481BC002A3AC5 /* Foundation.framework */,
				FC870799175481BC002A3AC5 /* CoreGraphics.framework */,
				FC8707B3175481BC002A3AC5 /* SenTestingKit.framework */,
			);
			name = Frameworks;
			sourceTree = "<group>";
		};
		FC87079B175481BC002A3AC5 /* Rinse */ = {
			isa = PBXGroup;
			children = (
				FC8707A4175481BC002A3AC5 /* AppDelegate.h */,
				FC8707A5175481BC002A3AC5 /* AppDelegate.m */,
				FC87079C175481BC002A3AC5 /* Supporting Files */,
			);
			path = Rinse;
			sourceTree = "<group>";
		};
		FC87079C175481BC002A3AC5 /* Supporting Files */ = {
			isa = PBXGroup;
			children = (
				FC87079D175481BC002A3AC5 /* Rinse-Info.plist */,
				FC87079E175481BC002A3AC5 /* InfoPlist.strings */,
				FC8707A1175481BC002A3AC5 /* main.m */,
				FC8707A3175481BC002A3AC5 /* Rinse-Prefix.pch */,
				FC8707A7175481BC002A3AC5 /* Default.png */,
				FC8707A9175481BC002A3AC5 /* Default@2x.png */,
				FC8707AB175481BC002A3AC5 /* Default-568h@2x.png */,
			);
			name = "Supporting Files";
			sourceTree = "<group>";
		};
		FC8707B9175481BD002A3AC5 /* RinseTests */ = {
			isa = PBXGroup;
			children = (
				FC8707BF175481BD002A3AC5 /* RinseTests.h */,
				FC8707C0175481BD002A3AC5 /* RinseTests.m */,
				FC8707BA175481BD002A3AC5 /* Supporting Files */,
			);
			path = RinseTests;
			sourceTree = "<group>";
		};
		FC8707BA175481BD002A3AC5 /* Supporting Files */ = {
			isa = PBXGroup;
			children = (
				FC8707BB175481BD002A3AC5 /* RinseTests-Info.plist */,
				FC8707BC175481BD002A3AC5 /* InfoPlist.strings */,
			);
			name = "Supporting Files";
			sourceTree = "<group>";
		};
/* End PBXGroup section */

/* Begin PBXNativeTarget section */
		FC870791175481BC002A3AC5 /* Rinse */ = {
			isa = PBXNativeTarget;
			buildConfigurationList = FC8707C4175481BD002A3AC5 /* Build configuration list for PBXNativeTarget "Rinse" */;
			buildPhases = (
				FC87078E175481BC002A3AC5 /* Sources */,
				FC87078F175481BC002A3AC5 /* Frameworks */,
				FC870790175481BC002A3AC5 /* Resources */,
			);
			buildRules = (
			);
			dependencies = (
			);
			name = Rinse;
			productName = Rinse;
			productReference = FC870792175481BC002A3AC5 /* Rinse.app */;
			productType = "com.apple.product-type.application";
		};
		FC8707B1175481BC002A3AC5 /* RinseTests */ = {
			isa = PBXNativeTarget;
			buildConfigurationList = FC8707C7175481BD002A3AC5 /* Build configuration list for PBXNativeTarget "RinseTests" */;
			buildPhases = (
				FC8707AD175481BC002A3AC5 /* Sources */,
				FC8707AE175481BC002A3AC5 /* Frameworks */,
				FC8707AF175481BC002A3AC5 /* Resources */,
				FC8707B0175481BC002A3AC5 /* ShellScript */,
			);
			buildRules = (
			);
			dependencies = (
				FC8707B8175481BD002A3AC5 /* PBXTargetDependency */,
			);
			name = RinseTests;
			productName = RinseTests;
			productReference = FC8707B2175481BC002A3AC5 /* RinseTests.octest */;
			productType = "com.apple.product-type.bundle";
		};
/* End PBXNativeTarget section */

/* Begin PBXProject section */
		FC87078A175481BC002A3AC5 /* Project object */ = {
			isa = PBXProject;
			attributes = {
				LastUpgradeCheck = 0460;
				ORGANIZATIONNAME = "Macario Lara";
			};
			buildConfigurationList = FC87078D175481BC002A3AC5 /* Build configuration list for PBXProject "Rinse" */;
			compatibilityVersion = "Xcode 3.2";
			developmentRegion = English;
			hasScannedForEncodings = 0;
			knownRegions = (
				en,
			);
			mainGroup = FC870789175481BC002A3AC5;
			productRefGroup = FC870793175481BC002A3AC5 /* Products */;
			projectDirPath = "";
			projectRoot = "";
			targets = (
				FC870791175481BC002A3AC5 /* Rinse */,
				FC8707B1175481BC002A3AC5 /* RinseTests */,
			);
		};
/* End PBXProject section */

/* Begin PBXResourcesBuildPhase section */
		FC870790175481BC002A3AC5 /* Resources */ = {
			isa = PBXResourcesBuildPhase;
			buildActionMask = 2147483647;
			files = (
				FC8707A0175481BC002A3AC5 /* InfoPlist.strings in Resources */,
				FC8707A8175481BC002A3AC5 /* Default.png in Resources */,
				FC8707AA175481BC002A3AC5 /* Default@2x.png in Resources */,
				FC8707AC175481BC002A3AC5 /* Default-568h@2x.png in Resources */,
			);
			runOnlyForDeploymentPostprocessing = 0;
		};
		FC8707AF175481BC002A3AC5 /* Resources */ = {
			isa = PBXResourcesBuildPhase;
			buildActionMask = 2147483647;
			files = (
				FC8707BE175481BD002A3AC5 /* InfoPlist.strings in Resources */,
			);
			runOnlyForDeploymentPostprocessing = 0;
		};
/* End PBXResourcesBuildPhase section */

/* Begin PBXShellScriptBuildPhase section */
		FC8707B0175481BC002A3AC5 /* ShellScript */ = {
			isa = PBXShellScriptBuildPhase;
			buildActionMask = 2147483647;
			files = (
			);
			inputPaths = (
			);
			outputPaths = (
			);
			runOnlyForDeploymentPostprocessing = 0;
			shellPath = /bin/sh;
			shellScript = "# Run the unit tests in this test bundle.\n\"${SYSTEM_DEVELOPER_DIR}/Tools/RunUnitTests\"\n";
		};
/* End PBXShellScriptBuildPhase section */

/* Begin PBXSourcesBuildPhase section */
		FC87078E175481BC002A3AC5 /* Sources */ = {
			isa = PBXSourcesBuildPhase;
			buildActionMask = 2147483647;
			files = (
				FC8707A2175481BC002A3AC5 /* main.m in Sources */,
				FC8707A6175481BC002A3AC5 /* AppDelegate.m in Sources */,
			);
			runOnlyForDeploymentPostprocessing = 0;
		};
		FC8707AD175481BC002A3AC5 /* Sources */ = {
			isa = PBXSourcesBuildPhase;
			buildActionMask = 2147483647;
			files = (
				FC8707C1175481BD002A3AC5 /* RinseTests.m in Sources */,
			);
			runOnlyForDeploymentPostprocessing = 0;
		};
/* End PBXSourcesBuildPhase section */

/* Begin PBXTargetDependency section */
		FC8707B8175481BD002A3AC5 /* PBXTargetDependency */ = {
			isa = PBXTargetDependency;
			target = FC870791175481BC002A3AC5 /* Rinse */;
			targetProxy = FC8707B7175481BD002A3AC5 /* PBXContainerItemProxy */;
		};
/* End PBXTargetDependency section */

/* Begin PBXVariantGroup section */
		FC87079E175481BC002A3AC5 /* InfoPlist.strings */ = {
			isa = PBXVariantGroup;
			children = (
				FC87079F175481BC002A3AC5 /* en */,
			);
			name = InfoPlist.strings;
			sourceTree = "<group>";
		};
		FC8707BC175481BD002A3AC5 /* InfoPlist.strings */ = {
			isa = PBXVariantGroup;
			children = (
				FC8707BD175481BD002A3AC5 /* en */,
			);
			name = InfoPlist.strings;
			sourceTree = "<group>";
		};
/* End PBXVariantGroup section */

/* Begin XCBuildConfiguration section */
		FC8707C2175481BD002A3AC5 /* Debug */ = {
			isa = XCBuildConfiguration;
			buildSettings = {
				ALWAYS_SEARCH_USER_PATHS = NO;
				CLANG_CXX_LANGUAGE_STANDARD = "gnu++0x";
				CLANG_CXX_LIBRARY = "libc++";
				CLANG_ENABLE_OBJC_ARC = YES;
				CLANG_WARN_CONSTANT_CONVERSION = YES;
				CLANG_WARN_EMPTY_BODY = YES;
				CLANG_WARN_ENUM_CONVERSION = YES;
				CLANG_WARN_INT_CONVERSION = YES;
				CLANG_WARN__DUPLICATE_METHOD_MATCH = YES;
				"CODE_SIGN_IDENTITY[sdk=iphoneos*]" = "iPhone Developer";
				COPY_PHASE_STRIP = NO;
				GCC_C_LANGUAGE_STANDARD = gnu99;
				GCC_DYNAMIC_NO_PIC = NO;
				GCC_OPTIMIZATION_LEVEL = 0;
				GCC_PREPROCESSOR_DEFINITIONS = (
					"DEBUG=1",
					"$(inherited)",
				);
				GCC_SYMBOLS_PRIVATE_EXTERN = NO;
				GCC_WARN_ABOUT_RETURN_TYPE = YES;
				GCC_WARN_UNINITIALIZED_AUTOS = YES;
				GCC_WARN_UNUSED_VARIABLE = YES;
				IPHONEOS_DEPLOYMENT_TARGET = 6.1;
				ONLY_ACTIVE_ARCH = YES;
				SDKROOT = iphoneos;
				TARGETED_DEVICE_FAMILY = "1,2";
			};
			name = Debug;
		};
		FC8707C3175481BD002A3AC5 /* Release */ = {
			isa = XCBuildConfiguration;
			buildSettings = {
				ALWAYS_SEARCH_USER_PATHS = NO;
				CLANG_CXX_LANGUAGE_STANDARD = "gnu++0x";
				CLANG_CXX_LIBRARY = "libc++";
				CLANG_ENABLE_OBJC_ARC = YES;
				CLANG_WARN_CONSTANT_CONVERSION = YES;
				CLANG_WARN_EMPTY_BODY = YES;
				CLANG_WARN_ENUM_CONVERSION = YES;
				CLANG_WARN_INT_CONVERSION = YES;
				CLANG_WARN__DUPLICATE_METHOD_MATCH = YES;
				"CODE_SIGN_IDENTITY[sdk=iphoneos*]" = "iPhone Developer";
				COPY_PHASE_STRIP = YES;
				GCC_C_LANGUAGE_STANDARD = gnu99;
				GCC_WARN_ABOUT_RETURN_TYPE = YES;
				GCC_WARN_UNINITIALIZED_AUTOS = YES;
				GCC_WARN_UNUSED_VARIABLE = YES;
				IPHONEOS_DEPLOYMENT_TARGET = 6.1;
				OTHER_CFLAGS = "-DNS_BLOCK_ASSERTIONS=1";
				SDKROOT = iphoneos;
				TARGETED_DEVICE_FAMILY = "1,2";
				VALIDATE_PRODUCT = YES;
			};
			name = Release;
		};
		FC8707C5175481BD002A3AC5 /* Debug */ = {
			isa = XCBuildConfiguration;
			buildSettings = {
				GCC_PRECOMPILE_PREFIX_HEADER = YES;
				GCC_PREFIX_HEADER = "Rinse/Rinse-Prefix.pch";
				INFOPLIST_FILE = "Rinse/Rinse-Info.plist";
				PRODUCT_NAME = "$(TARGET_NAME)";
				WRAPPER_EXTENSION = app;
			};
			name = Debug;
		};
		FC8707C6175481BD002A3AC5 /* Release */ = {
			isa = XCBuildConfiguration;
			buildSettings = {
				GCC_PRECOMPILE_PREFIX_HEADER = YES;
				GCC_PREFIX_HEADER = "Rinse/Rinse-Prefix.pch";
				INFOPLIST_FILE = "Rinse/Rinse-Info.plist";
				PRODUCT_NAME = "$(TARGET_NAME)";
				WRAPPER_EXTENSION = app;
			};
			name = Release;
		};
		FC8707C8175481BD002A3AC5 /* Debug */ = {
			isa = XCBuildConfiguration;
			buildSettings = {
				BUNDLE_LOADER = "$(BUILT_PRODUCTS_DIR)/Rinse.app/Rinse";
				FRAMEWORK_SEARCH_PATHS = (
					"\"$(SDKROOT)/Developer/Library/Frameworks\"",
					"\"$(DEVELOPER_LIBRARY_DIR)/Frameworks\"",
				);
				GCC_PRECOMPILE_PREFIX_HEADER = YES;
				GCC_PREFIX_HEADER = "Rinse/Rinse-Prefix.pch";
				INFOPLIST_FILE = "RinseTests/RinseTests-Info.plist";
				PRODUCT_NAME = "$(TARGET_NAME)";
				TEST_HOST = "$(BUNDLE_LOADER)";
				WRAPPER_EXTENSION = octest;
			};
			name = Debug;
		};
		FC8707C9175481BD002A3AC5 /* Release */ = {
			isa = XCBuildConfiguration;
			buildSettings = {
				BUNDLE_LOADER = "$(BUILT_PRODUCTS_DIR)/Rinse.app/Rinse";
				FRAMEWORK_SEARCH_PATHS = (
					"\"$(SDKROOT)/Developer/Library/Frameworks\"",
					"\"$(DEVELOPER_LIBRARY_DIR)/Frameworks\"",
				);
				GCC_PRECOMPILE_PREFIX_HEADER = YES;
				GCC_PREFIX_HEADER = "Rinse/Rinse-Prefix.pch";
				INFOPLIST_FILE = "RinseTests/RinseTests-Info.plist";
				PRODUCT_NAME = "$(TARGET_NAME)";
				TEST_HOST = "$(BUNDLE_LOADER)";
				WRAPPER_EXTENSION = octest;
			};
			name = Release;
		};
/* End XCBuildConfiguration section */

/* Begin XCConfigurationList section */
		FC87078D175481BC002A3AC5 /* Build configuration list for PBXProject "Rinse" */ = {
			isa = XCConfigurationList;
			buildConfigurations = (
				FC8707C2175481BD002A3AC5 /* Debug */,
				FC8707C3175481BD002A3AC5 /* Release */,
			);
			defaultConfigurationIsVisible = 0;
			defaultConfigurationName = Release;
		};
		FC8707C4175481BD002A3AC5 /* Build configuration list for PBXNativeTarget "Rinse" */ = {
			isa = XCConfigurationList;
			buildConfigurations = (
				FC8707C5175481BD002A3AC5 /* Debug */,
				FC8707C6175481BD002A3AC5 /* Release */,
			);
			defaultConfigurationIsVisible = 0;
		};
		FC8707C7175481BD002A3AC5 /* Build configuration list for PBXNativeTarget "RinseTests" */ = {
			isa = XCConfigurationList;
			buildConfigurations = (
				FC8707C8175481BD002A3AC5 /* Debug */,
				FC8707C9175481BD002A3AC5 /* Release */,
			);
			defaultConfigurationIsVisible = 0;
		};
/* End XCConfigurationList section */
	};
	rootObject = FC87078A175481BC002A3AC5 /* Project object */;
}
